// !$*UTF8*$!
{
	archiveVersion = 1;
	classes = {
	};
	objectVersion = 77;
	objects = {

/* Begin PBXContainerItemProxy section */
		DC25F4A02F76709E00432EFE /* PBXContainerItemProxy */ = {
			isa = PBXContainerItemProxy;
			containerPortal = DC25F48A2F76709A00432EFE /* Project object */;
			proxyType = 1;
			remoteGlobalIDString = DC25F4912F76709A00432EFE;
			remoteInfo = DocAsk;
		};
		DC25F4AA2F76709E00432EFE /* PBXContainerItemProxy */ = {
			isa = PBXContainerItemProxy;
			containerPortal = DC25F48A2F76709A00432EFE /* Project object */;
			proxyType = 1;
			remoteGlobalIDString = DC25F4912F76709A00432EFE;
			remoteInfo = DocAsk;
		};
/* End PBXContainerItemProxy section */

/* Begin PBXFileReference section */
		DC25F4922F76709A00432EFE /* DocAsk.app */ = {isa = PBXFileReference; explicitFileType = wrapper.application; includeInIndex = 0; path = DocAsk.app; sourceTree = BUILT_PRODUCTS_DIR; };
		DC25F49F2F76709E00432EFE /* DocAskTests.xctest */ = {isa = PBXFileReference; explicitFileType = wrapper.cfbundle; includeInIndex = 0; path = DocAskTests.xctest; sourceTree = BUILT_PRODUCTS_DIR; };
		DC25F4A92F76709E00432EFE /* DocAskUITests.xctest */ = {isa = PBXFileReference; explicitFileType = wrapper.cfbundle; includeInIndex = 0; path = DocAskUITests.xctest; sourceTree = BUILT_PRODUCTS_DIR; };
		E089A4CFB5D04FE2B5A566F5 /* Debug.xcconfig */ = {isa = PBXFileReference; lastKnownFileType = text.xcconfig; path = DocAsk/Config/Debug.xcconfig; sourceTree = SOURCE_ROOT; };
		E6A61DA83F574D5E8FE4D4F0 /* Release.xcconfig */ = {isa = PBXFileReference; lastKnownFileType = text.xcconfig; path = DocAsk/Config/Release.xcconfig; sourceTree = SOURCE_ROOT; };
/* End PBXFileReference section */

/* Begin PBXFileSystemSynchronizedRootGroup section */
		DC25F4942F76709A00432EFE /* DocAsk */ = {
			isa = PBXFileSystemSynchronizedRootGroup;
			path = DocAsk;
			sourceTree = "<group>";
		};
		DC25F4A22F76709E00432EFE /* DocAskTests */ = {
			isa = PBXFileSystemSynchronizedRootGroup;
			path = DocAskTests;
			sourceTree = "<group>";
		};
		DC25F4AC2F76709E00432EFE /* DocAskUITests */ = {
			isa = PBXFileSystemSynchronizedRootGroup;
			path = DocAskUITests;
			sourceTree = "<group>";
		};
/* End PBXFileSystemSynchronizedRootGroup section */

/* Begin PBXFrameworksBuildPhase section */
		DC25F48F2F76709A00432EFE /* Frameworks */ = {
			isa = PBXFrameworksBuildPhase;
			buildActionMask = 2147483647;
			files = (
			);
			runOnlyForDeploymentPostprocessing = 0;
		};
		DC25F49C2F76709E00432EFE /* Frameworks */ = {
			isa = PBXFrameworksBuildPhase;
			buildActionMask = 2147483647;
			files = (
			);
			runOnlyForDeploymentPostprocessing = 0;
		};
		DC25F4A62F76709E00432EFE /* Frameworks */ = {
			isa = PBXFrameworksBuildPhase;
			buildActionMask = 2147483647;
			files = (
			);
			runOnlyForDeploymentPostprocessing = 0;
		};
/* End PBXFrameworksBuildPhase section */

/* Begin PBXGroup section */
		DC25F4892F76709A00432EFE = {
			isa = PBXGroup;
			children = (
				DC25F4942F76709A00432EFE /* DocAsk */,
				DC25F4A22F76709E00432EFE /* DocAskTests */,
				DC25F4AC2F76709E00432EFE /* DocAskUITests */,
				DC25F4932F76709A00432EFE /* Products */,
			);
			sourceTree = "<group>";
		};
		DC25F4932F76709A00432EFE /* Products */ = {
			isa = PBXGroup;
			children = (
				DC25F4922F76709A00432EFE /* DocAsk.app */,
				DC25F49F2F76709E00432EFE /* DocAskTests.xctest */,
				DC25F4A92F76709E00432EFE /* DocAskUITests.xctest */,
			);
			name = Products;
			sourceTree = "<group>";
		};
/* End PBXGroup section */

/* Begin PBXNativeTarget section */
		DC25F4912F76709A00432EFE /* DocAsk */ = {
			isa = PBXNativeTarget;
			buildConfigurationList = DC25F4B32F76709E00432EFE /* Build configuration list for PBXNativeTarget "DocAsk" */;
			buildPhases = (
				DC25F48E2F76709A00432EFE /* Sources */,
				DC25F48F2F76709A00432EFE /* Frameworks */,
				DC25F4902F76709A00432EFE /* Resources */,
			);
			buildRules = (
			);
			dependencies = (
			);
			fileSystemSynchronizedGroups = (
				DC25F4942F76709A00432EFE /* DocAsk */,
			);
			name = DocAsk;
			packageProductDependencies = (
			);
			productName = DocAsk;
			productReference = DC25F4922F76709A00432EFE /* DocAsk.app */;
			productType = "com.apple.product-type.application";
		};
		DC25F49E2F76709E00432EFE /* DocAskTests */ = {
			isa = PBXNativeTarget;
			buildConfigurationList = DC25F4B62F76709E00432EFE /* Build configuration list for PBXNativeTarget "DocAskTests" */;
			buildPhases = (
				DC25F49B2F76709E00432EFE /* Sources */,
				DC25F49C2F76709E00432EFE /* Frameworks */,
				DC25F49D2F76709E00432EFE /* Resources */,
			);
			buildRules = (
			);
			dependencies = (
				DC25F4A12F76709E00432EFE /* PBXTargetDependency */,
			);
			fileSystemSynchronizedGroups = (
				DC25F4A22F76709E00432EFE /* DocAskTests */,
			);
			name = DocAskTests;
			packageProductDependencies = (
			);
			productName = DocAskTests;
			productReference = DC25F49F2F76709E00432EFE /* DocAskTests.xctest */;
			productType = "com.apple.product-type.bundle.unit-test";
		};
		DC25F4A82F76709E00432EFE /* DocAskUITests */ = {
			isa = PBXNativeTarget;
			buildConfigurationList = DC25F4B92F76709E00432EFE /* Build configuration list for PBXNativeTarget "DocAskUITests" */;
			buildPhases = (
				DC25F4A52F76709E00432EFE /* Sources */,
				DC25F4A62F76709E00432EFE /* Frameworks */,
				DC25F4A72F76709E00432EFE /* Resources */,
			);
			buildRules = (
			);
			dependencies = (
				DC25F4AB2F76709E00432EFE /* PBXTargetDependency */,
			);
			fileSystemSynchronizedGroups = (
				DC25F4AC2F76709E00432EFE /* DocAskUITests */,
			);
			name = DocAskUITests;
			packageProductDependencies = (
			);
			productName = DocAskUITests;
			productReference = DC25F4A92F76709E00432EFE /* DocAskUITests.xctest */;
			productType = "com.apple.product-type.bundle.ui-testing";
		};
/* End PBXNativeTarget section */

/* Begin PBXProject section */
		DC25F48A2F76709A00432EFE /* Project object */ = {
			isa = PBXProject;
			attributes = {
				BuildIndependentTargetsInParallel = 1;
				LastSwiftUpdateCheck = 2630;
				LastUpgradeCheck = 2630;
				TargetAttributes = {
					DC25F4912F76709A00432EFE = {
						CreatedOnToolsVersion = 26.3;
					};
					DC25F49E2F76709E00432EFE = {
						CreatedOnToolsVersion = 26.3;
						TestTargetID = DC25F4912F76709A00432EFE;
					};
					DC25F4A82F76709E00432EFE = {
						CreatedOnToolsVersion = 26.3;
						TestTargetID = DC25F4912F76709A00432EFE;
					};
				};
			};
			buildConfigurationList = DC25F48D2F76709A00432EFE /* Build configuration list for PBXProject "DocAsk" */;
			developmentRegion = en;
			hasScannedForEncodings = 0;
			knownRegions = (
				en,
				Base,
			);
			mainGroup = DC25F4892F76709A00432EFE;
			minimizedProjectReferenceProxies = 1;
			preferredProjectObjectVersion = 77;
			productRefGroup = DC25F4932F76709A00432EFE /* Products */;
			projectDirPath = "";
			projectRoot = "";
			targets = (
				DC25F4912F76709A00432EFE /* DocAsk */,
				DC25F49E2F76709E00432EFE /* DocAskTests */,
				DC25F4A82F76709E00432EFE /* DocAskUITests */,
			);
		};
/* End PBXProject section */

/* Begin PBXResourcesBuildPhase section */
		DC25F4902F76709A00432EFE /* Resources */ = {
			isa = PBXResourcesBuildPhase;
			buildActionMask = 2147483647;
			files = (
			);
			runOnlyForDeploymentPostprocessing = 0;
		};
		DC25F49D2F76709E00432EFE /* Resources */ = {
			isa = PBXResourcesBuildPhase;
			buildActionMask = 2147483647;
			files = (
			);
			runOnlyForDeploymentPostprocessing = 0;
		};
		DC25F4A72F76709E00432EFE /* Resources */ = {
			isa = PBXResourcesBuildPhase;
			buildActionMask = 2147483647;
			files = (
			);
			runOnlyForDeploymentPostprocessing = 0;
		};
/* End PBXResourcesBuildPhase section */

/* Begin PBXSourcesBuildPhase section */
		DC25F48E2F76709A00432EFE /* Sources */ = {
			isa = PBXSourcesBuildPhase;
			buildActionMask = 2147483647;
			files = (
			);
			runOnlyForDeploymentPostprocessing = 0;
		};
		DC25F49B2F76709E00432EFE /* Sources */ = {
			isa = PBXSourcesBuildPhase;
			buildActionMask = 2147483647;
			files = (
			);
			runOnlyForDeploymentPostprocessing = 0;
		};
		DC25F4A52F76709E00432EFE /* Sources */ = {
			isa = PBXSourcesBuildPhase;
			buildActionMask = 2147483647;
			files = (
			);
			runOnlyForDeploymentPostprocessing = 0;
		};
/* End PBXSourcesBuildPhase section */

/* Begin PBXTargetDependency section */
		DC25F4A12F76709E00432EFE /* PBXTargetDependency */ = {
			isa = PBXTargetDependency;
			target = DC25F4912F76709A00432EFE /* DocAsk */;
			targetProxy = DC25F4A02F76709E00432EFE /* PBXContainerItemProxy */;
		};
		DC25F4AB2F76709E00432EFE /* PBXTargetDependency */ = {
			isa = PBXTargetDependency;
			target = DC25F4912F76709A00432EFE /* DocAsk */;
			targetProxy = DC25F4AA2F76709E00432EFE /* PBXContainerItemProxy */;
		};
/* End PBXTargetDependency section */

/* Begin XCBuildConfiguration section */
		DC25F4B12F76709E00432EFE /* Debug */ = {
			isa = XCBuildConfiguration;
			buildSettings = {
				ALWAYS_SEARCH_USER_PATHS = NO;
				ASSETCATALOG_COMPILER_GENERATE_SWIFT_ASSET_SYMBOL_EXTENSIONS = YES;
				CLANG_ANALYZER_NONNULL = YES;
				CLANG_ANALYZER_NUMBER_OBJECT_CONVERSION = YES_AGGRESSIVE;
				CLANG_CXX_LANGUAGE_STANDARD = "gnu++20";
				CLANG_ENABLE_MODULES = YES;
				CLANG_ENABLE_OBJC_ARC = YES;
				CLANG_ENABLE_OBJC_WEAK = YES;
				CLANG_WARN_BLOCK_CAPTURE_AUTORELEASING = YES;
				CLANG_WARN_BOOL_CONVERSION = YES;
				CLANG_WARN_COMMA = YES;
				CLANG_WARN_CONSTANT_CONVERSION = YES;
				CLANG_WARN_DEPRECATED_OBJC_IMPLEMENTATIONS = YES;
				CLANG_WARN_DIRECT_OBJC_ISA_USAGE = YES_ERROR;
				CLANG_WARN_DOCUMENTATION_COMMENTS = YES;
				CLANG_WARN_EMPTY_BODY = YES;
				CLANG_WARN_ENUM_CONVERSION = YES;
				CLANG_WARN_INFINITE_RECURSION = YES;
				CLANG_WARN_INT_CONVERSION = YES;
				CLANG_WARN_NON_LITERAL_NULL_CONVERSION = YES;
				CLANG_WARN_OBJC_IMPLICIT_RETAIN_SELF = YES;
				CLANG_WARN_OBJC_LITERAL_CONVERSION = YES;
				CLANG_WARN_OBJC_ROOT_CLASS = YES_ERROR;
				CLANG_WARN_QUOTED_INCLUDE_IN_FRAMEWORK_HEADER = YES;
				CLANG_WARN_RANGE_LOOP_ANALYSIS = YES;
				CLANG_WARN_STRICT_PROTOTYPES = YES;
				CLANG_WARN_SUSPICIOUS_MOVE = YES;
				CLANG_WARN_UNGUARDED_AVAILABILITY = YES_AGGRESSIVE;
				CLANG_WARN_UNREACHABLE_CODE = YES;
				CLANG_WARN__DUPLICATE_METHOD_MATCH = YES;
				COPY_PHASE_STRIP = NO;
				DEBUG_INFORMATION_FORMAT = dwarf;
				DEVELOPMENT_TEAM = 4KSS9YNF46;
				ENABLE_STRICT_OBJC_MSGSEND = YES;
				ENABLE_TESTABILITY = YES;
				ENABLE_USER_SCRIPT_SANDBOXING = YES;
				GCC_C_LANGUAGE_STANDARD = gnu17;
				GCC_DYNAMIC_NO_PIC = NO;
				GCC_NO_COMMON_BLOCKS = YES;
				GCC_OPTIMIZATION_LEVEL = 0;
				GCC_PREPROCESSOR_DEFINITIONS = (
					"DEBUG=1",
					"$(inherited)",
				);
				GCC_WARN_64_TO_32_BIT_CONVERSION = YES;
				GCC_WARN_ABOUT_RETURN_TYPE = YES_ERROR;
				GCC_WARN_UNDECLARED_SELECTOR = YES;
				GCC_WARN_UNINITIALIZED_AUTOS = YES_AGGRESSIVE;
				GCC_WARN_UNUSED_FUNCTION = YES;
				GCC_WARN_UNUSED_VARIABLE = YES;
				IPHONEOS_DEPLOYMENT_TARGET = 26.2;
				LOCALIZATION_PREFERS_STRING_CATALOGS = YES;
				MTL_ENABLE_DEBUG_INFO = INCLUDE_SOURCE;
				MTL_FAST_MATH = YES;
				ONLY_ACTIVE_ARCH = YES;
				SDKROOT = iphoneos;
				SWIFT_ACTIVE_COMPILATION_CONDITIONS = "DEBUG $(inherited)";
				SWIFT_OPTIMIZATION_LEVEL = "-Onone";
			};
			name = Debug;
		};
		DC25F4B22F76709E00432EFE /* Release */ = {
			isa = XCBuildConfiguration;
			buildSettings = {
				ALWAYS_SEARCH_USER_PATHS = NO;
				ASSETCATALOG_COMPILER_GENERATE_SWIFT_ASSET_SYMBOL_EXTENSIONS = YES;
				CLANG_ANALYZER_NONNULL = YES;
				CLANG_ANALYZER_NUMBER_OBJECT_CONVERSION = YES_AGGRESSIVE;
				CLANG_CXX_LANGUAGE_STANDARD = "gnu++20";
				CLANG_ENABLE_MODULES = YES;
				CLANG_ENABLE_OBJC_ARC = YES;
				CLANG_ENABLE_OBJC_WEAK = YES;
				CLANG_WARN_BLOCK_CAPTURE_AUTORELEASING = YES;
				CLANG_WARN_BOOL_CONVERSION = YES;
				CLANG_WARN_COMMA = YES;
				CLANG_WARN_CONSTANT_CONVERSION = YES;
				CLANG_WARN_DEPRECATED_OBJC_IMPLEMENTATIONS = YES;
				CLANG_WARN_DIRECT_OBJC_ISA_USAGE = YES_ERROR;
				CLANG_WARN_DOCUMENTATION_COMMENTS = YES;
				CLANG_WARN_EMPTY_BODY = YES;
				CLANG_WARN_ENUM_CONVERSION = YES;
				CLANG_WARN_INFINITE_RECURSION = YES;
				CLANG_WARN_INT_CONVERSION = YES;
				CLANG_WARN_NON_LITERAL_NULL_CONVERSION = YES;
				CLANG_WARN_OBJC_IMPLICIT_RETAIN_SELF = YES;
				CLANG_WARN_OBJC_LITERAL_CONVERSION = YES;
				CLANG_WARN_OBJC_ROOT_CLASS = YES_ERROR;
				CLANG_WARN_QUOTED_INCLUDE_IN_FRAMEWORK_HEADER = YES;
				CLANG_WARN_RANGE_LOOP_ANALYSIS = YES;
				CLANG_WARN_STRICT_PROTOTYPES = YES;
				CLANG_WARN_SUSPICIOUS_MOVE = YES;
				CLANG_WARN_UNGUARDED_AVAILABILITY = YES_AGGRESSIVE;
				CLANG_WARN_UNREACHABLE_CODE = YES;
				CLANG_WARN__DUPLICATE_METHOD_MATCH = YES;
				COPY_PHASE_STRIP = NO;
				DEBUG_INFORMATION_FORMAT = "dwarf-with-dsym";
				DEVELOPMENT_TEAM = 4KSS9YNF46;
				ENABLE_NS_ASSERTIONS = NO;
				ENABLE_STRICT_OBJC_MSGSEND = YES;
				ENABLE_USER_SCRIPT_SANDBOXING = YES;
				GCC_C_LANGUAGE_STANDARD = gnu17;
				GCC_NO_COMMON_BLOCKS = YES;
				GCC_WARN_64_TO_32_BIT_CONVERSION = YES;
				GCC_WARN_ABOUT_RETURN_TYPE = YES_ERROR;
				GCC_WARN_UNDECLARED_SELECTOR = YES;
				GCC_WARN_UNINITIALIZED_AUTOS = YES_AGGRESSIVE;
				GCC_WARN_UNUSED_FUNCTION = YES;
				GCC_WARN_UNUSED_VARIABLE = YES;
				IPHONEOS_DEPLOYMENT_TARGET = 26.2;
				LOCALIZATION_PREFERS_STRING_CATALOGS = YES;
				MTL_ENABLE_DEBUG_INFO = NO;
				MTL_FAST_MATH = YES;
				SDKROOT = iphoneos;
				SWIFT_COMPILATION_MODE = wholemodule;
				VALIDATE_PRODUCT = YES;
			};
			name = Release;
		};
		DC25F4B42F76709E00432EFE /* Debug */ = {
			isa = XCBuildConfiguration;
			baseConfigurationReference = E089A4CFB5D04FE2B5A566F5 /* Debug.xcconfig */;
			buildSettings = {
				ASSETCATALOG_COMPILER_APPICON_NAME = AppIcon;
				ASSETCATALOG_COMPILER_GLOBAL_ACCENT_COLOR_NAME = AccentColor;
				CODE_SIGN_STYLE = Automatic;
				CURRENT_PROJECT_VERSION = 1;
				DEVELOPMENT_TEAM = 4KSS9YNF46;
				ENABLE_PREVIEWS = YES;
				GENERATE_INFOPLIST_FILE = NO;
				INFOPLIST_FILE = Info.plist;
				LD_RUNPATH_SEARCH_PATHS = (
					"$(inherited)",
					"@executable_path/Frameworks",
				);
				MARKETING_VERSION = 1.0;
				PRODUCT_BUNDLE_IDENTIFIER = com.yemigabriel.DocAsk;
				PRODUCT_NAME = "$(TARGET_NAME)";
				STRING_CATALOG_GENERATE_SYMBOLS = YES;
				SWIFT_APPROACHABLE_CONCURRENCY = YES;
				SWIFT_DEFAULT_ACTOR_ISOLATION = MainActor;
				SWIFT_EMIT_LOC_STRINGS = YES;
				SWIFT_UPCOMING_FEATURE_MEMBER_IMPORT_VISIBILITY = YES;
				SWIFT_VERSION = 5.0;
				TARGETED_DEVICE_FAMILY = "1,2";
			};
			name = Debug;
		};
		DC25F4B52F76709E00432EFE /* Release */ = {
			isa = XCBuildConfiguration;
			baseConfigurationReference = E6A61DA83F574D5E8FE4D4F0 /* Release.xcconfig */;
			buildSettings = {
				ASSETCATALOG_COMPILER_APPICON_NAME = AppIcon;
				ASSETCATALOG_COMPILER_GLOBAL_ACCENT_COLOR_NAME = AccentColor;
				CODE_SIGN_STYLE = Automatic;
				CURRENT_PROJECT_VERSION = 1;
				DEVELOPMENT_TEAM = 4KSS9YNF46;
				ENABLE_PREVIEWS = YES;
				GENERATE_INFOPLIST_FILE = NO;
				INFOPLIST_FILE = Info.plist;
				LD_RUNPATH_SEARCH_PATHS = (
					"$(inherited)",
					"@executable_path/Frameworks",
				);
				MARKETING_VERSION = 1.0;
				PRODUCT_BUNDLE_IDENTIFIER = com.yemigabriel.DocAsk;
				PRODUCT_NAME = "$(TARGET_NAME)";
				STRING_CATALOG_GENERATE_SYMBOLS = YES;
				SWIFT_APPROACHABLE_CONCURRENCY = YES;
				SWIFT_DEFAULT_ACTOR_ISOLATION = MainActor;
				SWIFT_EMIT_LOC_STRINGS = YES;
				SWIFT_UPCOMING_FEATURE_MEMBER_IMPORT_VISIBILITY = YES;
				SWIFT_VERSION = 5.0;
				TARGETED_DEVICE_FAMILY = "1,2";
			};
			name = Release;
		};
		DC25F4B72F76709E00432EFE /* Debug */ = {
			isa = XCBuildConfiguration;
			buildSettings = {
				BUNDLE_LOADER = "$(TEST_HOST)";
				CODE_SIGN_STYLE = Automatic;
				CURRENT_PROJECT_VERSION = 1;
				DEVELOPMENT_TEAM = 4KSS9YNF46;
				GENERATE_INFOPLIST_FILE = YES;
				IPHONEOS_DEPLOYMENT_TARGET = 26.2;
				MARKETING_VERSION = 1.0;
				PRODUCT_BUNDLE_IDENTIFIER = com.yemigabriel.DocAskTests;
				PRODUCT_NAME = "$(TARGET_NAME)";
				STRING_CATALOG_GENERATE_SYMBOLS = NO;
				SWIFT_APPROACHABLE_CONCURRENCY = YES;
				SWIFT_EMIT_LOC_STRINGS = NO;
				SWIFT_UPCOMING_FEATURE_MEMBER_IMPORT_VISIBILITY = YES;
				SWIFT_VERSION = 5.0;
				TARGETED_DEVICE_FAMILY = "1,2";
				TEST_HOST = "$(BUILT_PRODUCTS_DIR)/DocAsk.app/$(BUNDLE_EXECUTABLE_FOLDER_PATH)/DocAsk";
			};
			name = Debug;
		};
		DC25F4B82F76709E00432EFE /* Release */ = {
			isa = XCBuildConfiguration;
			buildSettings = {
				BUNDLE_LOADER = "$(TEST_HOST)";
				CODE_SIGN_STYLE = Automatic;
				CURRENT_PROJECT_VERSION = 1;
				DEVELOPMENT_TEAM = 4KSS9YNF46;
				GENERATE_INFOPLIST_FILE = YES;
				IPHONEOS_DEPLOYMENT_TARGET = 26.2;
				MARKETING_VERSION = 1.0;
				PRODUCT_BUNDLE_IDENTIFIER = com.yemigabriel.DocAskTests;
				PRODUCT_NAME = "$(TARGET_NAME)";
				STRING_CATALOG_GENERATE_SYMBOLS = NO;
				SWIFT_APPROACHABLE_CONCURRENCY = YES;
				SWIFT_EMIT_LOC_STRINGS = NO;
				SWIFT_UPCOMING_FEATURE_MEMBER_IMPORT_VISIBILITY = YES;
				SWIFT_VERSION = 5.0;
				TARGETED_DEVICE_FAMILY = "1,2";
				TEST_HOST = "$(BUILT_PRODUCTS_DIR)/DocAsk.app/$(BUNDLE_EXECUTABLE_FOLDER_PATH)/DocAsk";
			};
			name = Release;
		};
		DC25F4BA2F76709E00432EFE /* Debug */ = {
			isa = XCBuildConfiguration;
			buildSettings = {
				CODE_SIGN_STYLE = Automatic;
				CURRENT_PROJECT_VERSION = 1;
				DEVELOPMENT_TEAM = 4KSS9YNF46;
				GENERATE_INFOPLIST_FILE = YES;
				MARKETING_VERSION = 1.0;
				PRODUCT_BUNDLE_IDENTIFIER = com.yemigabriel.DocAskUITests;
				PRODUCT_NAME = "$(TARGET_NAME)";
				STRING_CATALOG_GENERATE_SYMBOLS = NO;
				SWIFT_APPROACHABLE_CONCURRENCY = YES;
				SWIFT_EMIT_LOC_STRINGS = NO;
				SWIFT_UPCOMING_FEATURE_MEMBER_IMPORT_VISIBILITY = YES;
				SWIFT_VERSION = 5.0;
				TARGETED_DEVICE_FAMILY = "1,2";
				TEST_TARGET_NAME = DocAsk;
			};
			name = Debug;
		};
		DC25F4BB2F76709E00432EFE /* Release */ = {
			isa = XCBuildConfiguration;
			buildSettings = {
				CODE_SIGN_STYLE = Automatic;
				CURRENT_PROJECT_VERSION = 1;
				DEVELOPMENT_TEAM = 4KSS9YNF46;
				GENERATE_INFOPLIST_FILE = YES;
				MARKETING_VERSION = 1.0;
				PRODUCT_BUNDLE_IDENTIFIER = com.yemigabriel.DocAskUITests;
				PRODUCT_NAME = "$(TARGET_NAME)";
				STRING_CATALOG_GENERATE_SYMBOLS = NO;
				SWIFT_APPROACHABLE_CONCURRENCY = YES;
				SWIFT_EMIT_LOC_STRINGS = NO;
				SWIFT_UPCOMING_FEATURE_MEMBER_IMPORT_VISIBILITY = YES;
				SWIFT_VERSION = 5.0;
				TARGETED_DEVICE_FAMILY = "1,2";
				TEST_TARGET_NAME = DocAsk;
			};
			name = Release;
		};
/* End XCBuildConfiguration section */

/* Begin XCConfigurationList section */
		DC25F48D2F76709A00432EFE /* Build configuration list for PBXProject "DocAsk" */ = {
			isa = XCConfigurationList;
			buildConfigurations = (
				DC25F4B12F76709E00432EFE /* Debug */,
				DC25F4B22F76709E00432EFE /* Release */,
			);
			defaultConfigurationIsVisible = 0;
			defaultConfigurationName = Release;
		};
		DC25F4B32F76709E00432EFE /* Build configuration list for PBXNativeTarget "DocAsk" */ = {
			isa = XCConfigurationList;
			buildConfigurations = (
				DC25F4B42F76709E00432EFE /* Debug */,
				DC25F4B52F76709E00432EFE /* Release */,
			);
			defaultConfigurationIsVisible = 0;
			defaultConfigurationName = Release;
		};
		DC25F4B62F76709E00432EFE /* Build configuration list for PBXNativeTarget "DocAskTests" */ = {
			isa = XCConfigurationList;
			buildConfigurations = (
				DC25F4B72F76709E00432EFE /* Debug */,
				DC25F4B82F76709E00432EFE /* Release */,
			);
			defaultConfigurationIsVisible = 0;
			defaultConfigurationName = Release;
		};
		DC25F4B92F76709E00432EFE /* Build configuration list for PBXNativeTarget "DocAskUITests" */ = {
			isa = XCConfigurationList;
			buildConfigurations = (
				DC25F4BA2F76709E00432EFE /* Debug */,
				DC25F4BB2F76709E00432EFE /* Release */,
			);
			defaultConfigurationIsVisible = 0;
			defaultConfigurationName = Release;
		};
/* End XCConfigurationList section */
	};
	rootObject = DC25F48A2F76709A00432EFE /* Project object */;
}
